
Microsoft Visual Studio Solution File, Format Version 12.00
# Visual Studio Version 16
VisualStudioVersion = 16.0.30002.166
MinimumVisualStudioVersion = 10.0.40219.1
Project("{FAE04EC0-301F-11D3-BF4B-00C04F79EFBC}") = "24", "24\24.csproj", "{CFD4C5DA-0C7B-4D9E-BA46-2775F51D4C5D}"
EndProject
Global
	GlobalSection(SolutionConfigurationPlatforms) = preSolution
		Debug|Any CPU = Debug|Any CPU
		Release|Any CPU = Release|Any CPU
	EndGlobalSection
	GlobalSection(ProjectConfigurationPlatforms) = postSolution
		{CFD4C5DA-0C7B-4D9E-BA46-2775F51D4C5D}.Debug|Any CPU.ActiveCfg = Debug|Any CPU
		{CFD4C5DA-0C7B-4D9E-BA46-2775F51D4C5D}.Debug|Any CPU.Build.0 = Debug|Any CPU
		{CFD4C5DA-0C7B-4D9E-BA46-2775F51D4C5D}.Release|Any CPU.ActiveCfg = Release|Any CPU
		{CFD4C5DA-0C7B-4D9E-BA46-2775F51D4C5D}.Release|Any CPU.Build.0 = Release|Any CPU
	EndGlobalSection
	GlobalSection(SolutionProperties) = preSolution
		HideSolutionNode = FALSE
	EndGlobalSection
	GlobalSection(ExtensibilityGlobals) = postSolution
		SolutionGuid = {68FB88A5-04F3-4ACC-817B-D92DAE6B8B56}
	EndGlobalSection
EndGlobal
