
Microsoft Visual Studio Solution File, Format Version 12.00
# Visual Studio Version 16
VisualStudioVersion = 16.0.30002.166
MinimumVisualStudioVersion = 10.0.40219.1
Project("{FAE04EC0-301F-11D3-BF4B-00C04F79EFBC}") = "3", "3\3.csproj", "{A17BCD8A-5ED9-41C7-AE58-4423E722A3B3}"
EndProject
Global
	GlobalSection(SolutionConfigurationPlatforms) = preSolution
		Debug|Any CPU = Debug|Any CPU
		Release|Any CPU = Release|Any CPU
	EndGlobalSection
	GlobalSection(ProjectConfigurationPlatforms) = postSolution
		{A17BCD8A-5ED9-41C7-AE58-4423E722A3B3}.Debug|Any CPU.ActiveCfg = Debug|Any CPU
		{A17BCD8A-5ED9-41C7-AE58-4423E722A3B3}.Debug|Any CPU.Build.0 = Debug|Any CPU
		{A17BCD8A-5ED9-41C7-AE58-4423E722A3B3}.Release|Any CPU.ActiveCfg = Release|Any CPU
		{A17BCD8A-5ED9-41C7-AE58-4423E722A3B3}.Release|Any CPU.Build.0 = Release|Any CPU
	EndGlobalSection
	GlobalSection(SolutionProperties) = preSolution
		HideSolutionNode = FALSE
	EndGlobalSection
	GlobalSection(ExtensibilityGlobals) = postSolution
		SolutionGuid = {C097F7D7-04FD-489F-B1C8-721711B66E60}
	EndGlobalSection
EndGlobal
